{
  "name": "qliktag-test",
  "version": "1.0.0",
  "lockfileVersion": 1,
  "requires": true,
  "dependencies": {
    "angular": {
      "version": "1.6.10",
      "resolved": "https://registry.npmjs.org/angular/-/angular-1.6.10.tgz",
      "integrity": "sha512-PCZ5/hVdvPQiYyH0VwsPjrErPHRcITnaXxhksceOXgtJeesKHLA7KDu4X/yvcAi+1zdGgGF+9pDxkJvghXI9Wg=="
    },
    "angular-resource": {
      "version": "1.6.10",
      "resolved": "https://registry.npmjs.org/angular-resource/-/angular-resource-1.6.10.tgz",
      "integrity": "sha512-jrYXUGPtpv/lTBlYZ6HZefIV6Lb+6e1HUavBPg9TSzW7s4zYRBWzMj6vMg8gZzVjWdH/nYBWfilV0qfnmZSI+A=="
    },
    "jquery": {
      "version": "3.3.1",
      "resolved": "https://registry.npmjs.org/jquery/-/jquery-3.3.1.tgz",
      "integrity": "sha512-Ubldcmxp5np52/ENotGxlLe6aGMvmF4R8S6tZjsP6Knsaxd/xp3Zrh50cG93lR6nPXyUFwzN3ZSOQI0wRJNdGg=="
    }
  }
}
